
Microsoft Visual Studio Solution File, Format Version 12.00
# Visual Studio 15
Project("{FAE04EC0-301F-11D3-BF4B-00C04F79EFBC}") = "TTWebGL", "TTWebGL.csproj", "{AE8D457A-2F8E-853F-EEF6-24F2744BA620}"
EndProject
Project("{FAE04EC0-301F-11D3-BF4B-00C04F79EFBC}") = "Assembly-CSharp", "Assembly-CSharp.csproj", "{BF3254AD-CE1B-350F-4090-04C7CEFFAB49}"
EndProject
Project("{FAE04EC0-301F-11D3-BF4B-00C04F79EFBC}") = "TTLitJson", "TTLitJson.csproj", "{FF756A79-0A89-DD97-78AB-37C4978D97CD}"
EndProject
Project("{FAE04EC0-301F-11D3-BF4B-00C04F79EFBC}") = "com.bytedance.ttsdk-editor", "com.bytedance.ttsdk-editor.csproj", "{2F8C2BE9-B766-81B7-EEEA-AC2D08EFF74C}"
EndProject
Global
	GlobalSection(SolutionConfigurationPlatforms) = preSolution
		Debug|Any CPU = Debug|Any CPU
		Release|Any CPU = Release|Any CPU
	EndGlobalSection
	GlobalSection(ProjectConfigurationPlatforms) = postSolution
		{AE8D457A-2F8E-853F-EEF6-24F2744BA620}.Debug|Any CPU.ActiveCfg = Debug|Any CPU
		{AE8D457A-2F8E-853F-EEF6-24F2744BA620}.Debug|Any CPU.Build.0 = Debug|Any CPU
		{AE8D457A-2F8E-853F-EEF6-24F2744BA620}.Release|Any CPU.ActiveCfg = Release|Any CPU
		{AE8D457A-2F8E-853F-EEF6-24F2744BA620}.Release|Any CPU.Build.0 = Release|Any CPU
		{BF3254AD-CE1B-350F-4090-04C7CEFFAB49}.Debug|Any CPU.ActiveCfg = Debug|Any CPU
		{BF3254AD-CE1B-350F-4090-04C7CEFFAB49}.Debug|Any CPU.Build.0 = Debug|Any CPU
		{BF3254AD-CE1B-350F-4090-04C7CEFFAB49}.Release|Any CPU.ActiveCfg = Release|Any CPU
		{BF3254AD-CE1B-350F-4090-04C7CEFFAB49}.Release|Any CPU.Build.0 = Release|Any CPU
		{FF756A79-0A89-DD97-78AB-37C4978D97CD}.Debug|Any CPU.ActiveCfg = Debug|Any CPU
		{FF756A79-0A89-DD97-78AB-37C4978D97CD}.Debug|Any CPU.Build.0 = Debug|Any CPU
		{FF756A79-0A89-DD97-78AB-37C4978D97CD}.Release|Any CPU.ActiveCfg = Release|Any CPU
		{FF756A79-0A89-DD97-78AB-37C4978D97CD}.Release|Any CPU.Build.0 = Release|Any CPU
		{2F8C2BE9-B766-81B7-EEEA-AC2D08EFF74C}.Debug|Any CPU.ActiveCfg = Debug|Any CPU
		{2F8C2BE9-B766-81B7-EEEA-AC2D08EFF74C}.Debug|Any CPU.Build.0 = Debug|Any CPU
		{2F8C2BE9-B766-81B7-EEEA-AC2D08EFF74C}.Release|Any CPU.ActiveCfg = Release|Any CPU
		{2F8C2BE9-B766-81B7-EEEA-AC2D08EFF74C}.Release|Any CPU.Build.0 = Release|Any CPU
	EndGlobalSection
	GlobalSection(SolutionProperties) = preSolution
		HideSolutionNode = FALSE
	EndGlobalSection
EndGlobal
